
Microsoft Visual Studio Solution File, Format Version 12.00
# Visual Studio Version 17
VisualStudioVersion = 17.14.36908.2 d17.14
MinimumVisualStudioVersion = 10.0.40219.1
Project("{FAE04EC0-301F-11D3-BF4B-00C04F79EFBC}") = "ConsoleApp17", "ConsoleApp17.csproj", "{C565B0D0-7F63-4C0C-8E14-F02F828B8107}"
EndProject
Global
	GlobalSection(SolutionConfigurationPlatforms) = preSolution
		Debug|Any CPU = Debug|Any CPU
		Release|Any CPU = Release|Any CPU
	EndGlobalSection
	GlobalSection(ProjectConfigurationPlatforms) = postSolution
		{C565B0D0-7F63-4C0C-8E14-F02F828B8107}.Debug|Any CPU.ActiveCfg = Debug|Any CPU
		{C565B0D0-7F63-4C0C-8E14-F02F828B8107}.Debug|Any CPU.Build.0 = Debug|Any CPU
		{C565B0D0-7F63-4C0C-8E14-F02F828B8107}.Release|Any CPU.ActiveCfg = Release|Any CPU
		{C565B0D0-7F63-4C0C-8E14-F02F828B8107}.Release|Any CPU.Build.0 = Release|Any CPU
	EndGlobalSection
	GlobalSection(SolutionProperties) = preSolution
		HideSolutionNode = FALSE
	EndGlobalSection
	GlobalSection(ExtensibilityGlobals) = postSolution
		SolutionGuid = {2EA53224-AC06-4DA7-B5B6-199C4EC4C2BC}
	EndGlobalSection
EndGlobal
